Microsoft Visual Studio Solution File, Format Version 12.00
# Visual Studio Version 17
VisualStudioVersion = 17.9.0
MinimumVisualStudioVersion = 10.0.40219.1
Project("{FAE04EC0-301F-11D3-BF4B-00C04F79EFBC}") = "FindClassesImplementingInterface.App", "src\FindClassesImplementingInterface.App\FindClassesImplementingInterface.App.csproj", "{2A8C1E42-A89E-4D7E-A87C-B5F7757E3D4D}"
EndProject
Project("{FAE04EC0-301F-11D3-BF4B-00C04F79EFBC}") = "FindClassesImplementingInterface.Core", "src\FindClassesImplementingInterface.Core\FindClassesImplementingInterface.Core.csproj", "{43628315-729C-4C6A-BCC5-81AED8948F50}"
EndProject
Project("{FAE04EC0-301F-11D3-BF4B-00C04F79EFBC}") = "FindClassesImplementingInterface.Scanner", "src\FindClassesImplementingInterface.Scanner\FindClassesImplementingInterface.Scanner.csproj", "{7B5BD11E-C88F-47EC-9264-6B8EEDFDAB8E}"
EndProject
Global
    GlobalSection(SolutionConfigurationPlatforms) = preSolution
        Debug|Any CPU = Debug|Any CPU
        Release|Any CPU = Release|Any CPU
    EndGlobalSection
    GlobalSection(ProjectConfigurationPlatforms) = postSolution
        {2A8C1E42-A89E-4D7E-A87C-B5F7757E3D4D}.Debug|Any CPU.ActiveCfg = Debug|Any CPU
        {2A8C1E42-A89E-4D7E-A87C-B5F7757E3D4D}.Debug|Any CPU.Build.0 = Debug|Any CPU
        {2A8C1E42-A89E-4D7E-A87C-B5F7757E3D4D}.Release|Any CPU.ActiveCfg = Release|Any CPU
        {2A8C1E42-A89E-4D7E-A87C-B5F7757E3D4D}.Release|Any CPU.Build.0 = Release|Any CPU
        {43628315-729C-4C6A-BCC5-81AED8948F50}.Debug|Any CPU.ActiveCfg = Debug|Any CPU
        {43628315-729C-4C6A-BCC5-81AED8948F50}.Debug|Any CPU.Build.0 = Debug|Any CPU
        {43628315-729C-4C6A-BCC5-81AED8948F50}.Release|Any CPU.ActiveCfg = Release|Any CPU
        {43628315-729C-4C6A-BCC5-81AED8948F50}.Release|Any CPU.Build.0 = Release|Any CPU
        {7B5BD11E-C88F-47EC-9264-6B8EEDFDAB8E}.Debug|Any CPU.ActiveCfg = Debug|Any CPU
        {7B5BD11E-C88F-47EC-9264-6B8EEDFDAB8E}.Debug|Any CPU.Build.0 = Debug|Any CPU
        {7B5BD11E-C88F-47EC-9264-6B8EEDFDAB8E}.Release|Any CPU.ActiveCfg = Release|Any CPU
        {7B5BD11E-C88F-47EC-9264-6B8EEDFDAB8E}.Release|Any CPU.Build.0 = Release|Any CPU
    EndGlobalSection
    GlobalSection(SolutionProperties) = preSolution
        HideSolutionNode = FALSE
    EndGlobalSection
EndGlobal
